
Microsoft Visual Studio Solution File, Format Version 12.00
# Visual Studio Version 16
VisualStudioVersion = 16.0.31410.357
MinimumVisualStudioVersion = 10.0.40219.1
Project("{FAE04EC0-301F-11D3-BF4B-00C04F79EFBC}") = "GitSample", "GitSample.csproj", "{A2888647-2E12-4E19-A7AA-6AA0984E6FBC}"
EndProject
Global
	GlobalSection(SolutionConfigurationPlatforms) = preSolution
		Debug|Any CPU = Debug|Any CPU
		Release|Any CPU = Release|Any CPU
	EndGlobalSection
	GlobalSection(ProjectConfigurationPlatforms) = postSolution
		{A2888647-2E12-4E19-A7AA-6AA0984E6FBC}.Debug|Any CPU.ActiveCfg = Debug|Any CPU
		{A2888647-2E12-4E19-A7AA-6AA0984E6FBC}.Debug|Any CPU.Build.0 = Debug|Any CPU
		{A2888647-2E12-4E19-A7AA-6AA0984E6FBC}.Release|Any CPU.ActiveCfg = Release|Any CPU
		{A2888647-2E12-4E19-A7AA-6AA0984E6FBC}.Release|Any CPU.Build.0 = Release|Any CPU
	EndGlobalSection
	GlobalSection(SolutionProperties) = preSolution
		HideSolutionNode = FALSE
	EndGlobalSection
	GlobalSection(ExtensibilityGlobals) = postSolution
		SolutionGuid = {BB54D6B6-E681-4D61-BBC7-AEE4D4272D1F}
	EndGlobalSection
EndGlobal
